
Microsoft Visual Studio Solution File, Format Version 12.00
# Visual Studio Version 17
VisualStudioVersion = 17.3.32901.215
MinimumVisualStudioVersion = 10.0.40219.1
Project("{FAE04EC0-301F-11D3-BF4B-00C04F79EFBC}") = "WebMilkApp", "WebMilkApp\WebMilkApp.csproj", "{B00F4C43-D041-4CBA-A7A1-FFC411FC627A}"
EndProject
Global
	GlobalSection(SolutionConfigurationPlatforms) = preSolution
		Debug|Any CPU = Debug|Any CPU
		Release|Any CPU = Release|Any CPU
	EndGlobalSection
	GlobalSection(ProjectConfigurationPlatforms) = postSolution
		{B00F4C43-D041-4CBA-A7A1-FFC411FC627A}.Debug|Any CPU.ActiveCfg = Debug|Any CPU
		{B00F4C43-D041-4CBA-A7A1-FFC411FC627A}.Debug|Any CPU.Build.0 = Debug|Any CPU
		{B00F4C43-D041-4CBA-A7A1-FFC411FC627A}.Release|Any CPU.ActiveCfg = Release|Any CPU
		{B00F4C43-D041-4CBA-A7A1-FFC411FC627A}.Release|Any CPU.Build.0 = Release|Any CPU
	EndGlobalSection
	GlobalSection(SolutionProperties) = preSolution
		HideSolutionNode = FALSE
	EndGlobalSection
	GlobalSection(ExtensibilityGlobals) = postSolution
		SolutionGuid = {0AD3EE71-86F7-4459-A016-3A16D4562B77}
	EndGlobalSection
EndGlobal
